
Microsoft Visual Studio Solution File, Format Version 12.00
# Visual Studio Version 17
VisualStudioVersion = 17.11.35222.181
MinimumVisualStudioVersion = 10.0.40219.1
Project("{FAE04EC0-301F-11D3-BF4B-00C04F79EFBC}") = "lez05_02_correzione_esercizio2", "lez05_02_correzione_esercizio2\lez05_02_correzione_esercizio2.csproj", "{E11EF276-CC65-4569-9CA7-F06AEF84EDFD}"
EndProject
Global
	GlobalSection(SolutionConfigurationPlatforms) = preSolution
		Debug|Any CPU = Debug|Any CPU
		Release|Any CPU = Release|Any CPU
	EndGlobalSection
	GlobalSection(ProjectConfigurationPlatforms) = postSolution
		{E11EF276-CC65-4569-9CA7-F06AEF84EDFD}.Debug|Any CPU.ActiveCfg = Debug|Any CPU
		{E11EF276-CC65-4569-9CA7-F06AEF84EDFD}.Debug|Any CPU.Build.0 = Debug|Any CPU
		{E11EF276-CC65-4569-9CA7-F06AEF84EDFD}.Release|Any CPU.ActiveCfg = Release|Any CPU
		{E11EF276-CC65-4569-9CA7-F06AEF84EDFD}.Release|Any CPU.Build.0 = Release|Any CPU
	EndGlobalSection
	GlobalSection(SolutionProperties) = preSolution
		HideSolutionNode = FALSE
	EndGlobalSection
	GlobalSection(ExtensibilityGlobals) = postSolution
		SolutionGuid = {D15D5B89-1F92-4C89-B1B5-0032AF71DAA6}
	EndGlobalSection
EndGlobal
