
Microsoft Visual Studio Solution File, Format Version 12.00
# Visual Studio Version 17
VisualStudioVersion = 17.11.35222.181
MinimumVisualStudioVersion = 10.0.40219.1
Project("{FAE04EC0-301F-11D3-BF4B-00C04F79EFBC}") = "lez05_03_utilizzo", "lez05_03_utilizzo\lez05_03_utilizzo.csproj", "{A78EB4E4-5BE9-4DF9-B21A-9D529F97487A}"
EndProject
Global
	GlobalSection(SolutionConfigurationPlatforms) = preSolution
		Debug|Any CPU = Debug|Any CPU
		Release|Any CPU = Release|Any CPU
	EndGlobalSection
	GlobalSection(ProjectConfigurationPlatforms) = postSolution
		{A78EB4E4-5BE9-4DF9-B21A-9D529F97487A}.Debug|Any CPU.ActiveCfg = Debug|Any CPU
		{A78EB4E4-5BE9-4DF9-B21A-9D529F97487A}.Debug|Any CPU.Build.0 = Debug|Any CPU
		{A78EB4E4-5BE9-4DF9-B21A-9D529F97487A}.Release|Any CPU.ActiveCfg = Release|Any CPU
		{A78EB4E4-5BE9-4DF9-B21A-9D529F97487A}.Release|Any CPU.Build.0 = Release|Any CPU
	EndGlobalSection
	GlobalSection(SolutionProperties) = preSolution
		HideSolutionNode = FALSE
	EndGlobalSection
	GlobalSection(ExtensibilityGlobals) = postSolution
		SolutionGuid = {5EF9381F-DCED-405C-863D-9A428BD6C87D}
	EndGlobalSection
EndGlobal
