
Microsoft Visual Studio Solution File, Format Version 12.00
# Visual Studio Version 17
VisualStudioVersion = 17.11.35222.181
MinimumVisualStudioVersion = 10.0.40219.1
Project("{FAE04EC0-301F-11D3-BF4B-00C04F79EFBC}") = "db_lez01_primi_passi", "db_lez01_primi_passi\db_lez01_primi_passi.csproj", "{AA226581-1678-49F5-8A36-51BB1BE7F15B}"
EndProject
Global
	GlobalSection(SolutionConfigurationPlatforms) = preSolution
		Debug|Any CPU = Debug|Any CPU
		Release|Any CPU = Release|Any CPU
	EndGlobalSection
	GlobalSection(ProjectConfigurationPlatforms) = postSolution
		{AA226581-1678-49F5-8A36-51BB1BE7F15B}.Debug|Any CPU.ActiveCfg = Debug|Any CPU
		{AA226581-1678-49F5-8A36-51BB1BE7F15B}.Debug|Any CPU.Build.0 = Debug|Any CPU
		{AA226581-1678-49F5-8A36-51BB1BE7F15B}.Release|Any CPU.ActiveCfg = Release|Any CPU
		{AA226581-1678-49F5-8A36-51BB1BE7F15B}.Release|Any CPU.Build.0 = Release|Any CPU
	EndGlobalSection
	GlobalSection(SolutionProperties) = preSolution
		HideSolutionNode = FALSE
	EndGlobalSection
	GlobalSection(ExtensibilityGlobals) = postSolution
		SolutionGuid = {806C4663-65CE-4C18-A38D-A64DCEB225EF}
	EndGlobalSection
EndGlobal
